
Microsoft Visual Studio Solution File, Format Version 12.00
# Visual Studio 14
VisualStudioVersion = 14.0.25420.1
MinimumVisualStudioVersion = 10.0.40219.1
Project("{FAE04EC0-301F-11D3-BF4B-00C04F79EFBC}") = "AlphanumericIncrementor", "AlphanumericIncrementor\AlphanumericIncrementor.csproj", "{B6357585-71AA-45F4-9C6D-022DD45D3C53}"
EndProject
Project("{FAE04EC0-301F-11D3-BF4B-00C04F79EFBC}") = "AlphanumericIncrementorTests", "AlphanumericIncrementorTests\AlphanumericIncrementorTests.csproj", "{F8DB9FBD-E17B-4559-8EBC-D8E744972AD5}"
EndProject
Global
	GlobalSection(SolutionConfigurationPlatforms) = preSolution
		Debug|Any CPU = Debug|Any CPU
		Release|Any CPU = Release|Any CPU
	EndGlobalSection
	GlobalSection(ProjectConfigurationPlatforms) = postSolution
		{B6357585-71AA-45F4-9C6D-022DD45D3C53}.Debug|Any CPU.ActiveCfg = Debug|Any CPU
		{B6357585-71AA-45F4-9C6D-022DD45D3C53}.Debug|Any CPU.Build.0 = Debug|Any CPU
		{B6357585-71AA-45F4-9C6D-022DD45D3C53}.Release|Any CPU.ActiveCfg = Release|Any CPU
		{B6357585-71AA-45F4-9C6D-022DD45D3C53}.Release|Any CPU.Build.0 = Release|Any CPU
		{F8DB9FBD-E17B-4559-8EBC-D8E744972AD5}.Debug|Any CPU.ActiveCfg = Debug|Any CPU
		{F8DB9FBD-E17B-4559-8EBC-D8E744972AD5}.Debug|Any CPU.Build.0 = Debug|Any CPU
		{F8DB9FBD-E17B-4559-8EBC-D8E744972AD5}.Release|Any CPU.ActiveCfg = Release|Any CPU
		{F8DB9FBD-E17B-4559-8EBC-D8E744972AD5}.Release|Any CPU.Build.0 = Release|Any CPU
	EndGlobalSection
	GlobalSection(SolutionProperties) = preSolution
		HideSolutionNode = FALSE
	EndGlobalSection
EndGlobal
